github.com/anushastar/dog v0.0.0-20250123231803-10418b8ba4a6 h1:98NSpVmDKmxgTuhuRmDttijQOO797U2RWIR44YV9bsY=
github.com/anushastar/dog v0.0.0-20250123231803-10418b8ba4a6/go.mod h1:ODPgpGaKKfbJN7LG9qhiKKw2f19/Nx/X3hkTk6lEf9g=
github.com/anushastar/puppy v1.4.0 h1:TSLxd0eIwrkI8ZM/lQDYJ4f5IMSvgfX5Fs8JjFlNCNA=
github.com/anushastar/puppy v1.4.0/go.mod h1:RIsZyics7/jYJC11BjhK7+KGXDtnVPAtVdKRd4FAR94=
github.com/anushastar/puppy v1.4.1-0.20250123232527-895a54dacc22 h1:h6OGbaELOG/vzti/1P9RdlAzCCnArT+XqgizogRlwqk=
github.com/anushastar/puppy v1.4.1-0.20250123232527-895a54dacc22/go.mod h1:hroG/s6we5zlupKCzP6vvO70bQ0wtKdokjo74qV08O4=
