github.com/anushastar/dog v0.0.0-20250122231517-335b637deeb0 h1:BOspMDHzfHEhOM2PSXvAg945TiQ5CsgLSG9Jc7MXZ4M=
github.com/anushastar/dog v0.0.0-20250122231517-335b637deeb0/go.mod h1:ODPgpGaKKfbJN7LG9qhiKKw2f19/Nx/X3hkTk6lEf9g=
github.com/anushastar/puppy v1.4.0 h1:TSLxd0eIwrkI8ZM/lQDYJ4f5IMSvgfX5Fs8JjFlNCNA=
github.com/anushastar/puppy v1.4.0/go.mod h1:RIsZyics7/jYJC11BjhK7+KGXDtnVPAtVdKRd4FAR94=
